# This file is automatically @generated by Cargo.
# It is not intended for manual editing.
version = 4

[[package]]
name = "alloc"
version = "0.1.0"
dependencies = [
 "ir",
]

[[package]]
name = "asm"
version = "0.1.0"
dependencies = [
 "pic14-sim",
]

[[package]]
name = "banking"
version = "0.1.0"

[[package]]
name = "callgraph"
version = "0.1.0"
dependencies = [
 "ir",
]

[[package]]
name = "driver"
version = "0.1.0"
dependencies = [
 "alloc",
 "asm",
 "banking",
 "callgraph",
 "ir",
 "irparse",
 "isel",
 "legalize",
 "peephole",
 "pic14-sim",
 "wholeprog",
]

[[package]]
name = "ir"
version = "0.1.0"

[[package]]
name = "irparse"
version = "0.1.0"
dependencies = [
 "ir",
]

[[package]]
name = "isel"
version = "0.1.0"
dependencies = [
 "asm",
 "ir",
 "pic14-sim",
]

[[package]]
name = "legalize"
version = "0.1.0"
dependencies = [
 "alloc",
 "ir",
]

[[package]]
name = "peephole"
version = "0.1.0"

[[package]]
name = "pic14-sim"
version = "0.1.0"

[[package]]
name = "wholeprog"
version = "0.1.0"
dependencies = [
 "ir",
]
